{
  "name": "tasks-manager",
  "version": "1.0.0",
  "lockfileVersion": 1,
  "requires": true,
  "dependencies": {
    "@babel/runtime": {
      "version": "7.12.1",
      "resolved": "https://registry.npmjs.org/@babel/runtime/-/runtime-7.12.1.tgz",
      "integrity": "sha512-J5AIf3vPj3UwXaAzb5j1xM4WAQDX3EMgemF8rjCP3SoW09LfRKAXQKt6CoVYl230P6iWdRcBbnLDDdnqWxZSCA==",
      "requires": {
        "regenerator-runtime": "^0.13.4"
      }
    },
    "@date-fns/upgrade": {
      "version": "1.0.3",
      "resolved": "https://registry.npmjs.org/@date-fns/upgrade/-/upgrade-1.0.3.tgz",
      "integrity": "sha512-0BLzKmXwWw3Zh3cZzW4xScmwGijXCAulaFdikqNiSnK8PAgYYSWWxOP/kuJFpKaoIT5KzstVGyHsjA7t/QXi1Q==",
      "requires": {
        "date-fns": "^2.1"
      }
    },
    "classnames": {
      "version": "2.2.6",
      "resolved": "https://registry.npmjs.org/classnames/-/classnames-2.2.6.tgz",
      "integrity": "sha512-JR/iSQOSt+LQIWwrwEzJ9uk0xfN3mTVYMwt1Ir5mUcSN6pU+V4zQFFaJsclJbPuAUQH+yfWef6tm7l1quW3C8Q=="
    },
    "core-js": {
      "version": "3.6.5",
      "resolved": "https://registry.npmjs.org/core-js/-/core-js-3.6.5.tgz",
      "integrity": "sha512-vZVEEwZoIsI+vPEuoF9Iqf5H7/M3eeQqWlQnYa8FSKKePuYTf5MWnxb5SDAzCa60b3JBRS5g9b+Dq7b1y/RCrA=="
    },
    "date-fns": {
      "version": "2.16.1",
      "resolved": "https://registry.npmjs.org/date-fns/-/date-fns-2.16.1.tgz",
      "integrity": "sha512-sAJVKx/FqrLYHAQeN7VpJrPhagZc9R4ImZIWYRFZaaohR3KzmuK88touwsSwSVT8Qcbd4zoDsnGfX4GFB4imyQ=="
    },
    "dayzed": {
      "version": "3.2.1",
      "resolved": "https://registry.npmjs.org/dayzed/-/dayzed-3.2.1.tgz",
      "integrity": "sha512-3jnjfUOGxGA31iYAR2QfiDzWVfl3ccejm7/ya5P1gYpOtc9b4PEcl0xUAf7f74czEteAC/oPQCspNv/LAJlIYw==",
      "requires": {
        "@babel/runtime": "^7.6.2",
        "date-fns": "^2.0.0"
      }
    },
    "format-string-by-pattern": {
      "version": "1.2.1",
      "resolved": "https://registry.npmjs.org/format-string-by-pattern/-/format-string-by-pattern-1.2.1.tgz",
      "integrity": "sha512-x7JY+q8XvBmHCf4ZSQiiG+8fmC02oiei1JoAsUcdHcy8Kn6LwaE1KUlQ8ph3fNnIcWY65B3aVuKArdbAEQxpLg=="
    },
    "react-fast-compare": {
      "version": "3.2.0",
      "resolved": "https://registry.npmjs.org/react-fast-compare/-/react-fast-compare-3.2.0.tgz",
      "integrity": "sha512-rtGImPZ0YyLrscKI9xTpV8psd6I8VAtjKCzQDlzyDvqJA8XOW78TXYQwNRNd8g8JZnDu8q9Fu/1v4HPAVwVdHA=="
    },
    "react-semantic-ui-datepickers": {
      "version": "2.12.0",
      "resolved": "https://registry.npmjs.org/react-semantic-ui-datepickers/-/react-semantic-ui-datepickers-2.12.0.tgz",
      "integrity": "sha512-IlwyruitM42x/EIcb7aZOaJZxl7aWr/ckib+0Xut4cCURQwYz+LiWxWZhVmHmCgT2lZS6QCXDbyfAxvRnXEqww==",
      "requires": {
        "@babel/runtime": "7.12.1",
        "@date-fns/upgrade": "1.0.3",
        "classnames": "2.2.6",
        "core-js": "3.6.5",
        "date-fns": "2.16.1",
        "dayzed": "3.2.1",
        "format-string-by-pattern": "1.2.1",
        "react-fast-compare": "3.2.0"
      }
    },
    "regenerator-runtime": {
      "version": "0.13.7",
      "resolved": "https://registry.npmjs.org/regenerator-runtime/-/regenerator-runtime-0.13.7.tgz",
      "integrity": "sha512-a54FxoJDIr27pgf7IgeQGxmqUNYrcV338lf/6gH456HZ/PhX+5BcwHXG9ajESmwe6WRO0tAzRUrRmNONWgkrew=="
    }
  }
}
